
Microsoft Visual Studio Solution File, Format Version 12.00
# Visual Studio 2013
VisualStudioVersion = 12.0.31101.0
MinimumVisualStudioVersion = 10.0.40219.1
Project("{FAE04EC0-301F-11D3-BF4B-00C04F79EFBC}") = "T3DKeyMapMod", "T3DKeyMapMod\T3DKeyMapMod.csproj", "{679E4964-F935-4C51-B49C-562B8645AC89}"
EndProject
Project("{54435603-DBB4-11D2-8724-00A0C9A8B90C}") = "Setup", "Setup\Setup.vdproj", "{D414A16F-F2FF-4683-AF2B-DB5639D7B78C}"
EndProject
Global
	GlobalSection(SolutionConfigurationPlatforms) = preSolution
		Debug|Any CPU = Debug|Any CPU
		Release|Any CPU = Release|Any CPU
	EndGlobalSection
	GlobalSection(ProjectConfigurationPlatforms) = postSolution
		{679E4964-F935-4C51-B49C-562B8645AC89}.Debug|Any CPU.ActiveCfg = Debug|Any CPU
		{679E4964-F935-4C51-B49C-562B8645AC89}.Debug|Any CPU.Build.0 = Debug|Any CPU
		{679E4964-F935-4C51-B49C-562B8645AC89}.Release|Any CPU.ActiveCfg = Release|Any CPU
		{679E4964-F935-4C51-B49C-562B8645AC89}.Release|Any CPU.Build.0 = Release|Any CPU
		{D414A16F-F2FF-4683-AF2B-DB5639D7B78C}.Debug|Any CPU.ActiveCfg = Debug
		{D414A16F-F2FF-4683-AF2B-DB5639D7B78C}.Release|Any CPU.ActiveCfg = Release
	EndGlobalSection
	GlobalSection(SolutionProperties) = preSolution
		HideSolutionNode = FALSE
	EndGlobalSection
EndGlobal
